
Microsoft Visual Studio Solution File, Format Version 12.00
# Visual Studio 15
VisualStudioVersion = 15.0.28307.329
MinimumVisualStudioVersion = 10.0.40219.1
Project("{9A19103F-16F7-4668-BE54-9A1E7A4F7556}") = "GaussianAndMeanFilter", "GaussianAndMeanFilter\GaussianAndMeanFilter.csproj", "{CCFA308B-309F-4062-AC84-6696B7908048}"
EndProject
Project("{9A19103F-16F7-4668-BE54-9A1E7A4F7556}") = "GaussianAndMeanUnitTest", "GaussianAndMeanUnitTest\GaussianAndMeanUnitTest.csproj", "{D9A33172-F5A2-43E6-8ACA-930981255616}"
EndProject
Project("{2150E333-8FDC-42A3-9474-1A3956D46DE8}") = "Solution Items", "Solution Items", "{362846E9-BED6-4D2B-98A0-C3E643FD5623}"
	ProjectSection(SolutionItems) = preProject
		ATT79876.editorconfig = ATT79876.editorconfig
	EndProjectSection
EndProject
Global
	GlobalSection(SolutionConfigurationPlatforms) = preSolution
		Debug|Any CPU = Debug|Any CPU
		Release|Any CPU = Release|Any CPU
	EndGlobalSection
	GlobalSection(ProjectConfigurationPlatforms) = postSolution
		{CCFA308B-309F-4062-AC84-6696B7908048}.Debug|Any CPU.ActiveCfg = Debug|Any CPU
		{CCFA308B-309F-4062-AC84-6696B7908048}.Debug|Any CPU.Build.0 = Debug|Any CPU
		{CCFA308B-309F-4062-AC84-6696B7908048}.Release|Any CPU.ActiveCfg = Release|Any CPU
		{CCFA308B-309F-4062-AC84-6696B7908048}.Release|Any CPU.Build.0 = Release|Any CPU
		{D9A33172-F5A2-43E6-8ACA-930981255616}.Debug|Any CPU.ActiveCfg = Debug|Any CPU
		{D9A33172-F5A2-43E6-8ACA-930981255616}.Debug|Any CPU.Build.0 = Debug|Any CPU
		{D9A33172-F5A2-43E6-8ACA-930981255616}.Release|Any CPU.ActiveCfg = Release|Any CPU
		{D9A33172-F5A2-43E6-8ACA-930981255616}.Release|Any CPU.Build.0 = Release|Any CPU
	EndGlobalSection
	GlobalSection(SolutionProperties) = preSolution
		HideSolutionNode = FALSE
	EndGlobalSection
	GlobalSection(ExtensibilityGlobals) = postSolution
		SolutionGuid = {3C839C67-C675-4A58-A6CA-C9448F5BF34D}
	EndGlobalSection
EndGlobal
